
Microsoft Visual Studio Solution File, Format Version 12.00
# Visual Studio Version 17
VisualStudioVersion = 17.3.32721.290
MinimumVisualStudioVersion = 10.0.40219.1
Project("{FAE04EC0-301F-11D3-BF4B-00C04F79EFBC}") = "ContainerTest", "ContainerTest\ContainerTest.csproj", "{8CEDDF3A-06AA-43A9-B87E-A2D35549B4AA}"
EndProject
Project("{E53339B2-1760-4266-BCC7-CA923CBCF16C}") = "docker-compose", "docker-compose.dcproj", "{575D2510-E6F8-4FA9-91E2-ACE1EF8BFDD0}"
EndProject
Global
	GlobalSection(SolutionConfigurationPlatforms) = preSolution
		Debug|Any CPU = Debug|Any CPU
		Release|Any CPU = Release|Any CPU
	EndGlobalSection
	GlobalSection(ProjectConfigurationPlatforms) = postSolution
		{8CEDDF3A-06AA-43A9-B87E-A2D35549B4AA}.Debug|Any CPU.ActiveCfg = Debug|Any CPU
		{8CEDDF3A-06AA-43A9-B87E-A2D35549B4AA}.Debug|Any CPU.Build.0 = Debug|Any CPU
		{8CEDDF3A-06AA-43A9-B87E-A2D35549B4AA}.Release|Any CPU.ActiveCfg = Release|Any CPU
		{8CEDDF3A-06AA-43A9-B87E-A2D35549B4AA}.Release|Any CPU.Build.0 = Release|Any CPU
		{575D2510-E6F8-4FA9-91E2-ACE1EF8BFDD0}.Debug|Any CPU.ActiveCfg = Debug|Any CPU
		{575D2510-E6F8-4FA9-91E2-ACE1EF8BFDD0}.Debug|Any CPU.Build.0 = Debug|Any CPU
		{575D2510-E6F8-4FA9-91E2-ACE1EF8BFDD0}.Release|Any CPU.ActiveCfg = Release|Any CPU
		{575D2510-E6F8-4FA9-91E2-ACE1EF8BFDD0}.Release|Any CPU.Build.0 = Release|Any CPU
	EndGlobalSection
	GlobalSection(SolutionProperties) = preSolution
		HideSolutionNode = FALSE
	EndGlobalSection
	GlobalSection(ExtensibilityGlobals) = postSolution
		SolutionGuid = {F6401BE4-7430-4B34-8F4C-D0EC01106DAB}
	EndGlobalSection
EndGlobal
